{
  "nodes": {
    "hugix": {
      "inputs": {
        "nixpkgs": "nixpkgs"
      },
      "locked": {
        "lastModified": 1720270877,
        "narHash": "sha256-LV0hikahLmqFSEKWPG/ZQux5mP63zsfMZDYCGYoBE18=",
        "owner": "louisdutton",
        "repo": "hugix",
        "rev": "31b8d5824d5231e25e805aeed78393a47fd93ae1",
        "type": "github"
      },
      "original": {
        "owner": "louisdutton",
        "repo": "hugix",
        "type": "github"
      }
    },
    "nixpkgs": {
      "locked": {
        "lastModified": 1720031269,
        "narHash": "sha256-rwz8NJZV+387rnWpTYcXaRNvzUSnnF9aHONoJIYmiUQ=",
        "owner": "NixOS",
        "repo": "nixpkgs",
        "rev": "9f4128e00b0ae8ec65918efeba59db998750ead6",
        "type": "github"
      },
      "original": {
        "id": "nixpkgs",
        "ref": "nixos-unstable",
        "type": "indirect"
      }
    },
    "root": {
      "inputs": {
        "hugix": "hugix",
        "theme": "theme"
      }
    },
    "theme": {
      "flake": false,
      "locked": {
        "lastModified": 1719526686,
        "narHash": "sha256-Gacmm7l1Lbc4lw9bsJ1NBas+h+zBd1EeA8hioI8yfR0=",
        "owner": "nunocoracao",
        "repo": "blowfish",
        "rev": "c6c2689195eb47241c613a1e4b8d0828ebf3c6e4",
        "type": "github"
      },
      "original": {
        "owner": "nunocoracao",
        "repo": "blowfish",
        "type": "github"
      }
    }
  },
  "root": "root",
  "version": 7
}
